// !$*UTF8*$!
{
	archiveVersion = 1;
	classes = {
	};
	objectVersion = 48;
	objects = {

/* Begin PBXBuildFile section */
		6323C28E1F4099AA00C3EB55 /* ProductCell.swift in Sources */ = {isa = PBXBuildFile; fileRef = 6323C28D1F4099AA00C3EB55 /* ProductCell.swift */; };
		6323C2901F409AA900C3EB55 /* Product.swift in Sources */ = {isa = PBXBuildFile; fileRef = 6323C28F1F409AA900C3EB55 /* Product.swift */; };
		6323C2921F409E8D00C3EB55 /* ProductsVC.swift in Sources */ = {isa = PBXBuildFile; fileRef = 6323C2911F409E8D00C3EB55 /* ProductsVC.swift */; };
		63B4CF721F3F9DEA004DCD25 /* AppDelegate.swift in Sources */ = {isa = PBXBuildFile; fileRef = 63B4CF711F3F9DEA004DCD25 /* AppDelegate.swift */; };
		63B4CF741F3F9DEB004DCD25 /* CategoriesVC.swift in Sources */ = {isa = PBXBuildFile; fileRef = 63B4CF731F3F9DEA004DCD25 /* CategoriesVC.swift */; };
		63B4CF771F3F9DEB004DCD25 /* Main.storyboard in Resources */ = {isa = PBXBuildFile; fileRef = 63B4CF751F3F9DEB004DCD25 /* Main.storyboard */; };
		63B4CF791F3F9DEB004DCD25 /* Assets.xcassets in Resources */ = {isa = PBXBuildFile; fileRef = 63B4CF781F3F9DEB004DCD25 /* Assets.xcassets */; };
		63B4CF7C1F3F9DEB004DCD25 /* LaunchScreen.storyboard in Resources */ = {isa = PBXBuildFile; fileRef = 63B4CF7A1F3F9DEB004DCD25 /* LaunchScreen.storyboard */; };
		63B4CF871F3F9DEB004DCD25 /* coder_swagTests.swift in Sources */ = {isa = PBXBuildFile; fileRef = 63B4CF861F3F9DEB004DCD25 /* coder_swagTests.swift */; };
		63B4CF921F3F9DEB004DCD25 /* coder_swagUITests.swift in Sources */ = {isa = PBXBuildFile; fileRef = 63B4CF911F3F9DEB004DCD25 /* coder_swagUITests.swift */; };
		63F33BC81F40807A004EEB99 /* CategoryCell.swift in Sources */ = {isa = PBXBuildFile; fileRef = 63F33BC71F40807A004EEB99 /* CategoryCell.swift */; };
		63F33BCA1F408240004EEB99 /* Category.swift in Sources */ = {isa = PBXBuildFile; fileRef = 63F33BC91F408240004EEB99 /* Category.swift */; };
		63F33BCF1F4087B9004EEB99 /* DataService.swift in Sources */ = {isa = PBXBuildFile; fileRef = 63F33BCE1F4087B9004EEB99 /* DataService.swift */; };
/* End PBXBuildFile section */

/* Begin PBXContainerItemProxy section */
		63B4CF831F3F9DEB004DCD25 /* PBXContainerItemProxy */ = {
			isa = PBXContainerItemProxy;
			containerPortal = 63B4CF661F3F9DEA004DCD25 /* Project object */;
			proxyType = 1;
			remoteGlobalIDString = 63B4CF6D1F3F9DEA004DCD25;
			remoteInfo = "coder-swag";
		};
		63B4CF8E1F3F9DEB004DCD25 /* PBXContainerItemProxy */ = {
			isa = PBXContainerItemProxy;
			containerPortal = 63B4CF661F3F9DEA004DCD25 /* Project object */;
			proxyType = 1;
			remoteGlobalIDString = 63B4CF6D1F3F9DEA004DCD25;
			remoteInfo = "coder-swag";
		};
/* End PBXContainerItemProxy section */

/* Begin PBXFileReference section */
		6323C28D1F4099AA00C3EB55 /* ProductCell.swift */ = {isa = PBXFileReference; lastKnownFileType = sourcecode.swift; path = ProductCell.swift; sourceTree = "<group>"; };
		6323C28F1F409AA900C3EB55 /* Product.swift */ = {isa = PBXFileReference; lastKnownFileType = sourcecode.swift; path = Product.swift; sourceTree = "<group>"; };
		6323C2911F409E8D00C3EB55 /* ProductsVC.swift */ = {isa = PBXFileReference; lastKnownFileType = sourcecode.swift; path = ProductsVC.swift; sourceTree = "<group>"; };
		63B4CF6E1F3F9DEA004DCD25 /* coder-swag.app */ = {isa = PBXFileReference; explicitFileType = wrapper.application; includeInIndex = 0; path = "coder-swag.app"; sourceTree = BUILT_PRODUCTS_DIR; };
		63B4CF711F3F9DEA004DCD25 /* AppDelegate.swift */ = {isa = PBXFileReference; lastKnownFileType = sourcecode.swift; path = AppDelegate.swift; sourceTree = "<group>"; };
		63B4CF731F3F9DEA004DCD25 /* CategoriesVC.swift */ = {isa = PBXFileReference; lastKnownFileType = sourcecode.swift; path = CategoriesVC.swift; sourceTree = "<group>"; };
		63B4CF761F3F9DEB004DCD25 /* Base */ = {isa = PBXFileReference; lastKnownFileType = file.storyboard; name = Base; path = Base.lproj/Main.storyboard; sourceTree = "<group>"; };
		63B4CF781F3F9DEB004DCD25 /* Assets.xcassets */ = {isa = PBXFileReference; lastKnownFileType = folder.assetcatalog; path = Assets.xcassets; sourceTree = "<group>"; };
		63B4CF7B1F3F9DEB004DCD25 /* Base */ = {isa = PBXFileReference; lastKnownFileType = file.storyboard; name = Base; path = Base.lproj/LaunchScreen.storyboard; sourceTree = "<group>"; };
		63B4CF7D1F3F9DEB004DCD25 /* Info.plist */ = {isa = PBXFileReference; lastKnownFileType = text.plist.xml; path = Info.plist; sourceTree = "<group>"; };
		63B4CF821F3F9DEB004DCD25 /* coder-swagTests.xctest */ = {isa = PBXFileReference; explicitFileType = wrapper.cfbundle; includeInIndex = 0; path = "coder-swagTests.xctest"; sourceTree = BUILT_PRODUCTS_DIR; };
		63B4CF861F3F9DEB004DCD25 /* coder_swagTests.swift */ = {isa = PBXFileReference; lastKnownFileType = sourcecode.swift; path = coder_swagTests.swift; sourceTree = "<group>"; };
		63B4CF881F3F9DEB004DCD25 /* Info.plist */ = {isa = PBXFileReference; lastKnownFileType = text.plist.xml; path = Info.plist; sourceTree = "<group>"; };
		63B4CF8D1F3F9DEB004DCD25 /* coder-swagUITests.xctest */ = {isa = PBXFileReference; explicitFileType = wrapper.cfbundle; includeInIndex = 0; path = "coder-swagUITests.xctest"; sourceTree = BUILT_PRODUCTS_DIR; };
		63B4CF911F3F9DEB004DCD25 /* coder_swagUITests.swift */ = {isa = PBXFileReference; lastKnownFileType = sourcecode.swift; path = coder_swagUITests.swift; sourceTree = "<group>"; };
		63B4CF931F3F9DEB004DCD25 /* Info.plist */ = {isa = PBXFileReference; lastKnownFileType = text.plist.xml; path = Info.plist; sourceTree = "<group>"; };
		63F33BC71F40807A004EEB99 /* CategoryCell.swift */ = {isa = PBXFileReference; lastKnownFileType = sourcecode.swift; path = CategoryCell.swift; sourceTree = "<group>"; };
		63F33BC91F408240004EEB99 /* Category.swift */ = {isa = PBXFileReference; lastKnownFileType = sourcecode.swift; path = Category.swift; sourceTree = "<group>"; };
		63F33BCE1F4087B9004EEB99 /* DataService.swift */ = {isa = PBXFileReference; lastKnownFileType = sourcecode.swift; path = DataService.swift; sourceTree = "<group>"; };
/* End PBXFileReference section */

/* Begin PBXFrameworksBuildPhase section */
		63B4CF6B1F3F9DEA004DCD25 /* Frameworks */ = {
			isa = PBXFrameworksBuildPhase;
			buildActionMask = 2147483647;
			files = (
			);
			runOnlyForDeploymentPostprocessing = 0;
		};
		63B4CF7F1F3F9DEB004DCD25 /* Frameworks */ = {
			isa = PBXFrameworksBuildPhase;
			buildActionMask = 2147483647;
			files = (
			);
			runOnlyForDeploymentPostprocessing = 0;
		};
		63B4CF8A1F3F9DEB004DCD25 /* Frameworks */ = {
			isa = PBXFrameworksBuildPhase;
			buildActionMask = 2147483647;
			files = (
			);
			runOnlyForDeploymentPostprocessing = 0;
		};
/* End PBXFrameworksBuildPhase section */

/* Begin PBXGroup section */
		63B4CF651F3F9DEA004DCD25 = {
			isa = PBXGroup;
			children = (
				63B4CF701F3F9DEA004DCD25 /* coder-swag */,
				63B4CF851F3F9DEB004DCD25 /* coder-swagTests */,
				63B4CF901F3F9DEB004DCD25 /* coder-swagUITests */,
				63B4CF6F1F3F9DEA004DCD25 /* Products */,
			);
			sourceTree = "<group>";
		};
		63B4CF6F1F3F9DEA004DCD25 /* Products */ = {
			isa = PBXGroup;
			children = (
				63B4CF6E1F3F9DEA004DCD25 /* coder-swag.app */,
				63B4CF821F3F9DEB004DCD25 /* coder-swagTests.xctest */,
				63B4CF8D1F3F9DEB004DCD25 /* coder-swagUITests.xctest */,
			);
			name = Products;
			sourceTree = "<group>";
		};
		63B4CF701F3F9DEA004DCD25 /* coder-swag */ = {
			isa = PBXGroup;
			children = (
				63F33BCB1F4083AE004EEB99 /* Services */,
				63F33BC61F408025004EEB99 /* View */,
				63F33BC41F40800B004EEB99 /* Controller */,
				63F33BC31F407FF1004EEB99 /* Model */,
				63B4CF711F3F9DEA004DCD25 /* AppDelegate.swift */,
				63B4CF751F3F9DEB004DCD25 /* Main.storyboard */,
				63B4CF781F3F9DEB004DCD25 /* Assets.xcassets */,
				63B4CF7A1F3F9DEB004DCD25 /* LaunchScreen.storyboard */,
				63B4CF7D1F3F9DEB004DCD25 /* Info.plist */,
			);
			path = "coder-swag";
			sourceTree = "<group>";
		};
		63B4CF851F3F9DEB004DCD25 /* coder-swagTests */ = {
			isa = PBXGroup;
			children = (
				63B4CF861F3F9DEB004DCD25 /* coder_swagTests.swift */,
				63B4CF881F3F9DEB004DCD25 /* Info.plist */,
			);
			path = "coder-swagTests";
			sourceTree = "<group>";
		};
		63B4CF901F3F9DEB004DCD25 /* coder-swagUITests */ = {
			isa = PBXGroup;
			children = (
				63B4CF911F3F9DEB004DCD25 /* coder_swagUITests.swift */,
				63B4CF931F3F9DEB004DCD25 /* Info.plist */,
			);
			path = "coder-swagUITests";
			sourceTree = "<group>";
		};
		63F33BC31F407FF1004EEB99 /* Model */ = {
			isa = PBXGroup;
			children = (
				63F33BC91F408240004EEB99 /* Category.swift */,
				6323C28F1F409AA900C3EB55 /* Product.swift */,
			);
			path = Model;
			sourceTree = "<group>";
		};
		63F33BC41F40800B004EEB99 /* Controller */ = {
			isa = PBXGroup;
			children = (
				63B4CF731F3F9DEA004DCD25 /* CategoriesVC.swift */,
				6323C2911F409E8D00C3EB55 /* ProductsVC.swift */,
			);
			path = Controller;
			sourceTree = "<group>";
		};
		63F33BC61F408025004EEB99 /* View */ = {
			isa = PBXGroup;
			children = (
				63F33BC71F40807A004EEB99 /* CategoryCell.swift */,
				6323C28D1F4099AA00C3EB55 /* ProductCell.swift */,
			);
			path = View;
			sourceTree = "<group>";
		};
		63F33BCB1F4083AE004EEB99 /* Services */ = {
			isa = PBXGroup;
			children = (
				63F33BCE1F4087B9004EEB99 /* DataService.swift */,
			);
			path = Services;
			sourceTree = "<group>";
		};
/* End PBXGroup section */

/* Begin PBXNativeTarget section */
		63B4CF6D1F3F9DEA004DCD25 /* coder-swag */ = {
			isa = PBXNativeTarget;
			buildConfigurationList = 63B4CF961F3F9DEB004DCD25 /* Build configuration list for PBXNativeTarget "coder-swag" */;
			buildPhases = (
				63B4CF6A1F3F9DEA004DCD25 /* Sources */,
				63B4CF6B1F3F9DEA004DCD25 /* Frameworks */,
				63B4CF6C1F3F9DEA004DCD25 /* Resources */,
			);
			buildRules = (
			);
			dependencies = (
			);
			name = "coder-swag";
			productName = "coder-swag";
			productReference = 63B4CF6E1F3F9DEA004DCD25 /* coder-swag.app */;
			productType = "com.apple.product-type.application";
		};
		63B4CF811F3F9DEB004DCD25 /* coder-swagTests */ = {
			isa = PBXNativeTarget;
			buildConfigurationList = 63B4CF991F3F9DEB004DCD25 /* Build configuration list for PBXNativeTarget "coder-swagTests" */;
			buildPhases = (
				63B4CF7E1F3F9DEB004DCD25 /* Sources */,
				63B4CF7F1F3F9DEB004DCD25 /* Frameworks */,
				63B4CF801F3F9DEB004DCD25 /* Resources */,
			);
			buildRules = (
			);
			dependencies = (
				63B4CF841F3F9DEB004DCD25 /* PBXTargetDependency */,
			);
			name = "coder-swagTests";
			productName = "coder-swagTests";
			productReference = 63B4CF821F3F9DEB004DCD25 /* coder-swagTests.xctest */;
			productType = "com.apple.product-type.bundle.unit-test";
		};
		63B4CF8C1F3F9DEB004DCD25 /* coder-swagUITests */ = {
			isa = PBXNativeTarget;
			buildConfigurationList = 63B4CF9C1F3F9DEB004DCD25 /* Build configuration list for PBXNativeTarget "coder-swagUITests" */;
			buildPhases = (
				63B4CF891F3F9DEB004DCD25 /* Sources */,
				63B4CF8A1F3F9DEB004DCD25 /* Frameworks */,
				63B4CF8B1F3F9DEB004DCD25 /* Resources */,
			);
			buildRules = (
			);
			dependencies = (
				63B4CF8F1F3F9DEB004DCD25 /* PBXTargetDependency */,
			);
			name = "coder-swagUITests";
			productName = "coder-swagUITests";
			productReference = 63B4CF8D1F3F9DEB004DCD25 /* coder-swagUITests.xctest */;
			productType = "com.apple.product-type.bundle.ui-testing";
		};
/* End PBXNativeTarget section */

/* Begin PBXProject section */
		63B4CF661F3F9DEA004DCD25 /* Project object */ = {
			isa = PBXProject;
			attributes = {
				LastSwiftUpdateCheck = 0900;
				LastUpgradeCheck = 0900;
				ORGANIZATIONNAME = "Definitely Code";
				TargetAttributes = {
					63B4CF6D1F3F9DEA004DCD25 = {
						CreatedOnToolsVersion = 9.0;
					};
					63B4CF811F3F9DEB004DCD25 = {
						CreatedOnToolsVersion = 9.0;
						TestTargetID = 63B4CF6D1F3F9DEA004DCD25;
					};
					63B4CF8C1F3F9DEB004DCD25 = {
						CreatedOnToolsVersion = 9.0;
						TestTargetID = 63B4CF6D1F3F9DEA004DCD25;
					};
				};
			};
			buildConfigurationList = 63B4CF691F3F9DEA004DCD25 /* Build configuration list for PBXProject "coder-swag" */;
			compatibilityVersion = "Xcode 8.0";
			developmentRegion = en;
			hasScannedForEncodings = 0;
			knownRegions = (
				en,
				Base,
			);
			mainGroup = 63B4CF651F3F9DEA004DCD25;
			productRefGroup = 63B4CF6F1F3F9DEA004DCD25 /* Products */;
			projectDirPath = "";
			projectRoot = "";
			targets = (
				63B4CF6D1F3F9DEA004DCD25 /* coder-swag */,
				63B4CF811F3F9DEB004DCD25 /* coder-swagTests */,
				63B4CF8C1F3F9DEB004DCD25 /* coder-swagUITests */,
			);
		};
/* End PBXProject section */

/* Begin PBXResourcesBuildPhase section */
		63B4CF6C1F3F9DEA004DCD25 /* Resources */ = {
			isa = PBXResourcesBuildPhase;
			buildActionMask = 2147483647;
			files = (
				63B4CF7C1F3F9DEB004DCD25 /* LaunchScreen.storyboard in Resources */,
				63B4CF791F3F9DEB004DCD25 /* Assets.xcassets in Resources */,
				63B4CF771F3F9DEB004DCD25 /* Main.storyboard in Resources */,
			);
			runOnlyForDeploymentPostprocessing = 0;
		};
		63B4CF801F3F9DEB004DCD25 /* Resources */ = {
			isa = PBXResourcesBuildPhase;
			buildActionMask = 2147483647;
			files = (
			);
			runOnlyForDeploymentPostprocessing = 0;
		};
		63B4CF8B1F3F9DEB004DCD25 /* Resources */ = {
			isa = PBXResourcesBuildPhase;
			buildActionMask = 2147483647;
			files = (
			);
			runOnlyForDeploymentPostprocessing = 0;
		};
/* End PBXResourcesBuildPhase section */

/* Begin PBXSourcesBuildPhase section */
		63B4CF6A1F3F9DEA004DCD25 /* Sources */ = {
			isa = PBXSourcesBuildPhase;
			buildActionMask = 2147483647;
			files = (
				6323C2921F409E8D00C3EB55 /* ProductsVC.swift in Sources */,
				63B4CF741F3F9DEB004DCD25 /* CategoriesVC.swift in Sources */,
				63B4CF721F3F9DEA004DCD25 /* AppDelegate.swift in Sources */,
				63F33BC81F40807A004EEB99 /* CategoryCell.swift in Sources */,
				6323C28E1F4099AA00C3EB55 /* ProductCell.swift in Sources */,
				63F33BCA1F408240004EEB99 /* Category.swift in Sources */,
				63F33BCF1F4087B9004EEB99 /* DataService.swift in Sources */,
				6323C2901F409AA900C3EB55 /* Product.swift in Sources */,
			);
			runOnlyForDeploymentPostprocessing = 0;
		};
		63B4CF7E1F3F9DEB004DCD25 /* Sources */ = {
			isa = PBXSourcesBuildPhase;
			buildActionMask = 2147483647;
			files = (
				63B4CF871F3F9DEB004DCD25 /* coder_swagTests.swift in Sources */,
			);
			runOnlyForDeploymentPostprocessing = 0;
		};
		63B4CF891F3F9DEB004DCD25 /* Sources */ = {
			isa = PBXSourcesBuildPhase;
			buildActionMask = 2147483647;
			files = (
				63B4CF921F3F9DEB004DCD25 /* coder_swagUITests.swift in Sources */,
			);
			runOnlyForDeploymentPostprocessing = 0;
		};
/* End PBXSourcesBuildPhase section */

/* Begin PBXTargetDependency section */
		63B4CF841F3F9DEB004DCD25 /* PBXTargetDependency */ = {
			isa = PBXTargetDependency;
			target = 63B4CF6D1F3F9DEA004DCD25 /* coder-swag */;
			targetProxy = 63B4CF831F3F9DEB004DCD25 /* PBXContainerItemProxy */;
		};
		63B4CF8F1F3F9DEB004DCD25 /* PBXTargetDependency */ = {
			isa = PBXTargetDependency;
			target = 63B4CF6D1F3F9DEA004DCD25 /* coder-swag */;
			targetProxy = 63B4CF8E1F3F9DEB004DCD25 /* PBXContainerItemProxy */;
		};
/* End PBXTargetDependency section */

/* Begin PBXVariantGroup section */
		63B4CF751F3F9DEB004DCD25 /* Main.storyboard */ = {
			isa = PBXVariantGroup;
			children = (
				63B4CF761F3F9DEB004DCD25 /* Base */,
			);
			name = Main.storyboard;
			sourceTree = "<group>";
		};
		63B4CF7A1F3F9DEB004DCD25 /* LaunchScreen.storyboard */ = {
			isa = PBXVariantGroup;
			children = (
				63B4CF7B1F3F9DEB004DCD25 /* Base */,
			);
			name = LaunchScreen.storyboard;
			sourceTree = "<group>";
		};
/* End PBXVariantGroup section */

/* Begin XCBuildConfiguration section */
		63B4CF941F3F9DEB004DCD25 /* Debug */ = {
			isa = XCBuildConfiguration;
			buildSettings = {
				ALWAYS_SEARCH_USER_PATHS = NO;
				CLANG_ANALYZER_NONNULL = YES;
				CLANG_ANALYZER_NUMBER_OBJECT_CONVERSION = YES_AGGRESSIVE;
				CLANG_CXX_LANGUAGE_STANDARD = "gnu++14";
				CLANG_CXX_LIBRARY = "libc++";
				CLANG_ENABLE_MODULES = YES;
				CLANG_ENABLE_OBJC_ARC = YES;
				CLANG_WARN_BLOCK_CAPTURE_AUTORELEASING = YES;
				CLANG_WARN_BOOL_CONVERSION = YES;
				CLANG_WARN_COMMA = YES;
				CLANG_WARN_CONSTANT_CONVERSION = YES;
				CLANG_WARN_DIRECT_OBJC_ISA_USAGE = YES_ERROR;
				CLANG_WARN_DOCUMENTATION_COMMENTS = YES;
				CLANG_WARN_EMPTY_BODY = YES;
				CLANG_WARN_ENUM_CONVERSION = YES;
				CLANG_WARN_INFINITE_RECURSION = YES;
				CLANG_WARN_INT_CONVERSION = YES;
				CLANG_WARN_NON_LITERAL_NULL_CONVERSION = YES;
				CLANG_WARN_OBJC_LITERAL_CONVERSION = YES;
				CLANG_WARN_OBJC_ROOT_CLASS = YES_ERROR;
				CLANG_WARN_RANGE_LOOP_ANALYSIS = YES;
				CLANG_WARN_STRICT_PROTOTYPES = YES;
				CLANG_WARN_SUSPICIOUS_MOVE = YES;
				CLANG_WARN_UNGUARDED_AVAILABILITY = YES_AGGRESSIVE;
				CLANG_WARN_UNREACHABLE_CODE = YES;
				CLANG_WARN__DUPLICATE_METHOD_MATCH = YES;
				CODE_SIGN_IDENTITY = "iPhone Developer";
				COPY_PHASE_STRIP = NO;
				DEBUG_INFORMATION_FORMAT = dwarf;
				ENABLE_STRICT_OBJC_MSGSEND = YES;
				ENABLE_TESTABILITY = YES;
				GCC_C_LANGUAGE_STANDARD = gnu11;
				GCC_DYNAMIC_NO_PIC = NO;
				GCC_NO_COMMON_BLOCKS = YES;
				GCC_OPTIMIZATION_LEVEL = 0;
				GCC_PREPROCESSOR_DEFINITIONS = (
					"DEBUG=1",
					"$(inherited)",
				);
				GCC_WARN_64_TO_32_BIT_CONVERSION = YES;
				GCC_WARN_ABOUT_RETURN_TYPE = YES_ERROR;
				GCC_WARN_UNDECLARED_SELECTOR = YES;
				GCC_WARN_UNINITIALIZED_AUTOS = YES_AGGRESSIVE;
				GCC_WARN_UNUSED_FUNCTION = YES;
				GCC_WARN_UNUSED_VARIABLE = YES;
				IPHONEOS_DEPLOYMENT_TARGET = 11.0;
				MTL_ENABLE_DEBUG_INFO = YES;
				ONLY_ACTIVE_ARCH = YES;
				SDKROOT = iphoneos;
				SWIFT_ACTIVE_COMPILATION_CONDITIONS = DEBUG;
				SWIFT_OPTIMIZATION_LEVEL = "-Onone";
			};
			name = Debug;
		};
		63B4CF951F3F9DEB004DCD25 /* Release */ = {
			isa = XCBuildConfiguration;
			buildSettings = {
				ALWAYS_SEARCH_USER_PATHS = NO;
				CLANG_ANALYZER_NONNULL = YES;
				CLANG_ANALYZER_NUMBER_OBJECT_CONVERSION = YES_AGGRESSIVE;
				CLANG_CXX_LANGUAGE_STANDARD = "gnu++14";
				CLANG_CXX_LIBRARY = "libc++";
				CLANG_ENABLE_MODULES = YES;
				CLANG_ENABLE_OBJC_ARC = YES;
				CLANG_WARN_BLOCK_CAPTURE_AUTORELEASING = YES;
				CLANG_WARN_BOOL_CONVERSION = YES;
				CLANG_WARN_COMMA = YES;
				CLANG_WARN_CONSTANT_CONVERSION = YES;
				CLANG_WARN_DIRECT_OBJC_ISA_USAGE = YES_ERROR;
				CLANG_WARN_DOCUMENTATION_COMMENTS = YES;
				CLANG_WARN_EMPTY_BODY = YES;
				CLANG_WARN_ENUM_CONVERSION = YES;
				CLANG_WARN_INFINITE_RECURSION = YES;
				CLANG_WARN_INT_CONVERSION = YES;
				CLANG_WARN_NON_LITERAL_NULL_CONVERSION = YES;
				CLANG_WARN_OBJC_LITERAL_CONVERSION = YES;
				CLANG_WARN_OBJC_ROOT_CLASS = YES_ERROR;
				CLANG_WARN_RANGE_LOOP_ANALYSIS = YES;
				CLANG_WARN_STRICT_PROTOTYPES = YES;
				CLANG_WARN_SUSPICIOUS_MOVE = YES;
				CLANG_WARN_UNGUARDED_AVAILABILITY = YES_AGGRESSIVE;
				CLANG_WARN_UNREACHABLE_CODE = YES;
				CLANG_WARN__DUPLICATE_METHOD_MATCH = YES;
				CODE_SIGN_IDENTITY = "iPhone Developer";
				COPY_PHASE_STRIP = NO;
				DEBUG_INFORMATION_FORMAT = "dwarf-with-dsym";
				ENABLE_NS_ASSERTIONS = NO;
				ENABLE_STRICT_OBJC_MSGSEND = YES;
				GCC_C_LANGUAGE_STANDARD = gnu11;
				GCC_NO_COMMON_BLOCKS = YES;
				GCC_WARN_64_TO_32_BIT_CONVERSION = YES;
				GCC_WARN_ABOUT_RETURN_TYPE = YES_ERROR;
				GCC_WARN_UNDECLARED_SELECTOR = YES;
				GCC_WARN_UNINITIALIZED_AUTOS = YES_AGGRESSIVE;
				GCC_WARN_UNUSED_FUNCTION = YES;
				GCC_WARN_UNUSED_VARIABLE = YES;
				IPHONEOS_DEPLOYMENT_TARGET = 11.0;
				MTL_ENABLE_DEBUG_INFO = NO;
				SDKROOT = iphoneos;
				SWIFT_OPTIMIZATION_LEVEL = "-Owholemodule";
				VALIDATE_PRODUCT = YES;
			};
			name = Release;
		};
		63B4CF971F3F9DEB004DCD25 /* Debug */ = {
			isa = XCBuildConfiguration;
			buildSettings = {
				ASSETCATALOG_COMPILER_APPICON_NAME = AppIcon;
				INFOPLIST_FILE = "coder-swag/Info.plist";
				LD_RUNPATH_SEARCH_PATHS = "$(inherited) @executable_path/Frameworks";
				PRODUCT_BUNDLE_IDENTIFIER = "com.definitelycode.coder-swag";
				PRODUCT_NAME = "$(TARGET_NAME)";
				SWIFT_VERSION = 4.0;
				TARGETED_DEVICE_FAMILY = "1,2";
			};
			name = Debug;
		};
		63B4CF981F3F9DEB004DCD25 /* Release */ = {
			isa = XCBuildConfiguration;
			buildSettings = {
				ASSETCATALOG_COMPILER_APPICON_NAME = AppIcon;
				INFOPLIST_FILE = "coder-swag/Info.plist";
				LD_RUNPATH_SEARCH_PATHS = "$(inherited) @executable_path/Frameworks";
				PRODUCT_BUNDLE_IDENTIFIER = "com.definitelycode.coder-swag";
				PRODUCT_NAME = "$(TARGET_NAME)";
				SWIFT_VERSION = 4.0;
				TARGETED_DEVICE_FAMILY = "1,2";
			};
			name = Release;
		};
		63B4CF9A1F3F9DEB004DCD25 /* Debug */ = {
			isa = XCBuildConfiguration;
			buildSettings = {
				ALWAYS_EMBED_SWIFT_STANDARD_LIBRARIES = YES;
				BUNDLE_LOADER = "$(TEST_HOST)";
				INFOPLIST_FILE = "coder-swagTests/Info.plist";
				LD_RUNPATH_SEARCH_PATHS = "$(inherited) @executable_path/Frameworks @loader_path/Frameworks";
				PRODUCT_BUNDLE_IDENTIFIER = "com.definitelycode.coder-swagTests";
				PRODUCT_NAME = "$(TARGET_NAME)";
				SWIFT_VERSION = 4.0;
				TARGETED_DEVICE_FAMILY = "1,2";
				TEST_HOST = "$(BUILT_PRODUCTS_DIR)/coder-swag.app/coder-swag";
			};
			name = Debug;
		};
		63B4CF9B1F3F9DEB004DCD25 /* Release */ = {
			isa = XCBuildConfiguration;
			buildSettings = {
				ALWAYS_EMBED_SWIFT_STANDARD_LIBRARIES = YES;
				BUNDLE_LOADER = "$(TEST_HOST)";
				INFOPLIST_FILE = "coder-swagTests/Info.plist";
				LD_RUNPATH_SEARCH_PATHS = "$(inherited) @executable_path/Frameworks @loader_path/Frameworks";
				PRODUCT_BUNDLE_IDENTIFIER = "com.definitelycode.coder-swagTests";
				PRODUCT_NAME = "$(TARGET_NAME)";
				SWIFT_VERSION = 4.0;
				TARGETED_DEVICE_FAMILY = "1,2";
				TEST_HOST = "$(BUILT_PRODUCTS_DIR)/coder-swag.app/coder-swag";
			};
			name = Release;
		};
		63B4CF9D1F3F9DEB004DCD25 /* Debug */ = {
			isa = XCBuildConfiguration;
			buildSettings = {
				ALWAYS_EMBED_SWIFT_STANDARD_LIBRARIES = YES;
				INFOPLIST_FILE = "coder-swagUITests/Info.plist";
				LD_RUNPATH_SEARCH_PATHS = "$(inherited) @executable_path/Frameworks @loader_path/Frameworks";
				PRODUCT_BUNDLE_IDENTIFIER = "com.definitelycode.coder-swagUITests";
				PRODUCT_NAME = "$(TARGET_NAME)";
				SWIFT_VERSION = 4.0;
				TARGETED_DEVICE_FAMILY = "1,2";
				TEST_TARGET_NAME = "coder-swag";
			};
			name = Debug;
		};
		63B4CF9E1F3F9DEB004DCD25 /* Release */ = {
			isa = XCBuildConfiguration;
			buildSettings = {
				ALWAYS_EMBED_SWIFT_STANDARD_LIBRARIES = YES;
				INFOPLIST_FILE = "coder-swagUITests/Info.plist";
				LD_RUNPATH_SEARCH_PATHS = "$(inherited) @executable_path/Frameworks @loader_path/Frameworks";
				PRODUCT_BUNDLE_IDENTIFIER = "com.definitelycode.coder-swagUITests";
				PRODUCT_NAME = "$(TARGET_NAME)";
				SWIFT_VERSION = 4.0;
				TARGETED_DEVICE_FAMILY = "1,2";
				TEST_TARGET_NAME = "coder-swag";
			};
			name = Release;
		};
/* End XCBuildConfiguration section */

/* Begin XCConfigurationList section */
		63B4CF691F3F9DEA004DCD25 /* Build configuration list for PBXProject "coder-swag" */ = {
			isa = XCConfigurationList;
			buildConfigurations = (
				63B4CF941F3F9DEB004DCD25 /* Debug */,
				63B4CF951F3F9DEB004DCD25 /* Release */,
			);
			defaultConfigurationIsVisible = 0;
			defaultConfigurationName = Release;
		};
		63B4CF961F3F9DEB004DCD25 /* Build configuration list for PBXNativeTarget "coder-swag" */ = {
			isa = XCConfigurationList;
			buildConfigurations = (
				63B4CF971F3F9DEB004DCD25 /* Debug */,
				63B4CF981F3F9DEB004DCD25 /* Release */,
			);
			defaultConfigurationIsVisible = 0;
			defaultConfigurationName = Release;
		};
		63B4CF991F3F9DEB004DCD25 /* Build configuration list for PBXNativeTarget "coder-swagTests" */ = {
			isa = XCConfigurationList;
			buildConfigurations = (
				63B4CF9A1F3F9DEB004DCD25 /* Debug */,
				63B4CF9B1F3F9DEB004DCD25 /* Release */,
			);
			defaultConfigurationIsVisible = 0;
			defaultConfigurationName = Release;
		};
		63B4CF9C1F3F9DEB004DCD25 /* Build configuration list for PBXNativeTarget "coder-swagUITests" */ = {
			isa = XCConfigurationList;
			buildConfigurations = (
				63B4CF9D1F3F9DEB004DCD25 /* Debug */,
				63B4CF9E1F3F9DEB004DCD25 /* Release */,
			);
			defaultConfigurationIsVisible = 0;
			defaultConfigurationName = Release;
		};
/* End XCConfigurationList section */
	};
	rootObject = 63B4CF661F3F9DEA004DCD25 /* Project object */;
}
